
Microsoft Visual Studio Solution File, Format Version 12.00
# Visual Studio Version 17
VisualStudioVersion = 17.10.34928.147
MinimumVisualStudioVersion = 10.0.40219.1
Project("{FAE04EC0-301F-11D3-BF4B-00C04F79EFBC}") = "Interpreter", "Interpreter\Interpreter.csproj", "{EFC8B653-C5F0-40C7-9327-5F9C015E0FC0}"
EndProject
Global
	GlobalSection(SolutionConfigurationPlatforms) = preSolution
		Debug|Any CPU = Debug|Any CPU
		Release|Any CPU = Release|Any CPU
	EndGlobalSection
	GlobalSection(ProjectConfigurationPlatforms) = postSolution
		{EFC8B653-C5F0-40C7-9327-5F9C015E0FC0}.Debug|Any CPU.ActiveCfg = Debug|Any CPU
		{EFC8B653-C5F0-40C7-9327-5F9C015E0FC0}.Debug|Any CPU.Build.0 = Debug|Any CPU
		{EFC8B653-C5F0-40C7-9327-5F9C015E0FC0}.Release|Any CPU.ActiveCfg = Release|Any CPU
		{EFC8B653-C5F0-40C7-9327-5F9C015E0FC0}.Release|Any CPU.Build.0 = Release|Any CPU
	EndGlobalSection
	GlobalSection(SolutionProperties) = preSolution
		HideSolutionNode = FALSE
	EndGlobalSection
	GlobalSection(ExtensibilityGlobals) = postSolution
		SolutionGuid = {935FA9AC-E593-4768-B10D-7BA1A36CDCB5}
	EndGlobalSection
EndGlobal
